{
  "requires": true,
  "lockfileVersion": 1,
  "dependencies": {
    "@transloadit/prettier-bytes": {
      "version": "0.0.7",
      "resolved": "https://registry.npmjs.org/@transloadit/prettier-bytes/-/prettier-bytes-0.0.7.tgz",
      "integrity": "sha512-VeJbUb0wEKbcwaSlj5n+LscBl9IPgLPkHVGBkh00cztv6X4L/TJXK58LzFuBKX7/GAfiGhIwH67YTLTlzvIzBA=="
    },
    "@uppy/core": {
      "version": "2.0.3",
      "resolved": "https://registry.npmjs.org/@uppy/core/-/core-2.0.3.tgz",
      "integrity": "sha512-jYkyytkUwFrQPWn5XUI6Fy6kNrLwSxGFmXuJ74oIMyJxBHU2ksl8UHFs1esxp9GN3cdvTmZ7A04a1d8nV9JtUw==",
      "requires": {
        "@transloadit/prettier-bytes": "0.0.7",
        "@uppy/store-default": "^2.0.0",
        "@uppy/utils": "^4.0.1",
        "lodash.throttle": "^4.1.1",
        "mime-match": "^1.0.2",
        "namespace-emitter": "^2.0.1",
        "nanoid": "^3.1.25",
        "preact": "^10.5.13"
      }
    },
    "@uppy/store-default": {
      "version": "2.0.0",
      "resolved": "https://registry.npmjs.org/@uppy/store-default/-/store-default-2.0.0.tgz",
      "integrity": "sha512-5HXTR2Qn20rpPUCUFBuNBfYDIa20oyUV14+FAnklgv2P32/zIyk79eFYloDRg8H7mOosVpovlysfDkI4iJh8Ag=="
    },
    "@uppy/utils": {
      "version": "4.0.1",
      "resolved": "https://registry.npmjs.org/@uppy/utils/-/utils-4.0.1.tgz",
      "integrity": "sha512-blgQkWkc6yrxGcNXehf9gFTT/f1MNonuxkpBNOwI51DT/yv/QFLLdRPMFM6CpcuA0TNhVwSUuFLeNTkerRrXeQ==",
      "requires": {
        "lodash.throttle": "^4.1.1"
      }
    },
    "lodash.throttle": {
      "version": "4.1.1",
      "resolved": "https://registry.npmjs.org/lodash.throttle/-/lodash.throttle-4.1.1.tgz",
      "integrity": "sha1-wj6RtxAkKscMN/HhzaknTMOb8vQ="
    },
    "mime-match": {
      "version": "1.0.2",
      "resolved": "https://registry.npmjs.org/mime-match/-/mime-match-1.0.2.tgz",
      "integrity": "sha1-P4fDHprxpf1IX7nbE0Qosju7e6g=",
      "requires": {
        "wildcard": "^1.1.0"
      }
    },
    "namespace-emitter": {
      "version": "2.0.1",
      "resolved": "https://registry.npmjs.org/namespace-emitter/-/namespace-emitter-2.0.1.tgz",
      "integrity": "sha512-N/sMKHniSDJBjfrkbS/tpkPj4RAbvW3mr8UAzvlMHyun93XEm83IAvhWtJVHo+RHn/oO8Job5YN4b+wRjSVp5g=="
    },
    "nanoid": {
      "version": "3.1.25",
      "resolved": "https://registry.npmjs.org/nanoid/-/nanoid-3.1.25.tgz",
      "integrity": "sha512-rdwtIXaXCLFAQbnfqDRnI6jaRHp9fTcYBjtFKE8eezcZ7LuLjhUaQGNeMXf1HmRoCH32CLz6XwX0TtxEOS/A3Q=="
    },
    "preact": {
      "version": "10.5.14",
      "resolved": "https://registry.npmjs.org/preact/-/preact-10.5.14.tgz",
      "integrity": "sha512-KojoltCrshZ099ksUZ2OQKfbH66uquFoxHSbnwKbTJHeQNvx42EmC7wQVWNuDt6vC5s3nudRHFtKbpY4ijKlaQ=="
    },
    "wildcard": {
      "version": "1.1.2",
      "resolved": "https://registry.npmjs.org/wildcard/-/wildcard-1.1.2.tgz",
      "integrity": "sha1-pwIEUwhNjNLv5wup02liY94XEKU="
    }
  }
}
